# THIS IS AN AUTOGENERATED FILE. DO NOT EDIT THIS FILE DIRECTLY.
# yarn lockfile v1


canvas@1.6.11:
  version "1.6.11"
  resolved "https://registry.yarnpkg.com/canvas/-/canvas-1.6.11.tgz#c2d8bcf283281f19ded14fa163a111804522330d"
  integrity sha512-ElVw5Uk8PReGpzXfDg6PDa+wntnZLGWWfdSHI0Pc8GyXiFbW13drSTzWU6C4E5QylHe+FnLqI7ngMRlp3eGZIQ==
  dependencies:
    nan "^2.10.0"

commander@2:
  version "2.18.0"
  resolved "https://registry.yarnpkg.com/commander/-/commander-2.18.0.tgz#2bf063ddee7c7891176981a2cc798e5754bc6970"

d3-array@1, d3-array@^1.0:
  version "1.2.4"
  resolved "https://registry.yarnpkg.com/d3-array/-/d3-array-1.2.4.tgz#635ce4d5eea759f6f605863dbcfc30edc737f71f"

d3-array@^0:
  version "0.8.1"
  resolved "https://registry.yarnpkg.com/d3-array/-/d3-array-0.8.1.tgz#bc0a3f2217ec6156c8620e7698ba644fac4661c3"

d3-color@1:
  version "1.2.3"
  resolved "https://registry.yarnpkg.com/d3-color/-/d3-color-1.2.3.tgz#6c67bb2af6df3cc8d79efcc4d3a3e83e28c8048f"

d3-delaunay@^4, d3-delaunay@^4.1.2:
  version "4.1.5"
  resolved "https://registry.yarnpkg.com/d3-delaunay/-/d3-delaunay-4.1.5.tgz#4318c6d28b22988d88d11650eda440318afe419a"
  dependencies:
    delaunator "^2.0.0"

d3-geo-polygon@^1:
  version "1.6.1"
  resolved "https://registry.yarnpkg.com/d3-geo-polygon/-/d3-geo-polygon-1.6.1.tgz#52945d222893d5bc2b2701827c064482958dd2d1"
  dependencies:
    d3-array "1"
    d3-geo "^1.11.1"
    d3-geo-projection "2"

d3-geo-projection@2:
  version "2.4.1"
  resolved "https://registry.yarnpkg.com/d3-geo-projection/-/d3-geo-projection-2.4.1.tgz#9d0f3b296aeb4e6a9194a438b5cd04f70866092f"
  dependencies:
    commander "2"
    d3-array "1"
    d3-geo "^1.10.0"

d3-geo-voronoi@^1.1:
  version "1.1.2"
  resolved "https://registry.yarnpkg.com/d3-geo-voronoi/-/d3-geo-voronoi-1.1.2.tgz#df56adfec59e5f06803d36391b5baf9290be585e"
  dependencies:
    d3-array "^1.0"
    d3-delaunay "^4.1.2"
    d3-geo "^1.0"

d3-geo@^1.0, d3-geo@^1.10, d3-geo@^1.10.0, d3-geo@^1.11.1:
  version "1.11.1"
  resolved "https://registry.yarnpkg.com/d3-geo/-/d3-geo-1.11.1.tgz#3f35e582c0d29296618b02a8ade0fdffb2c0e63c"
  dependencies:
    d3-array "1"

d3-interpolate@1:
  version "1.3.2"
  resolved "https://registry.yarnpkg.com/d3-interpolate/-/d3-interpolate-1.3.2.tgz#417d3ebdeb4bc4efcc8fd4361c55e4040211fd68"
  dependencies:
    d3-color "1"

d3-scale-chromatic@^1:
  version "1.3.3"
  resolved "https://registry.yarnpkg.com/d3-scale-chromatic/-/d3-scale-chromatic-1.3.3.tgz#dad4366f0edcb288f490128979c3c793583ed3c0"
  dependencies:
    d3-color "1"
    d3-interpolate "1"

delaunator@^2.0.0:
  version "2.0.5"
  resolved "https://registry.yarnpkg.com/delaunator/-/delaunator-2.0.5.tgz#c2a9ba2cf3d5aaab8fa0aa3ae82426d3fc0aeaf5"

nan@^2.10.0:
  version "2.14.0"
  resolved "https://registry.yarnpkg.com/nan/-/nan-2.14.0.tgz#7818f722027b2459a86f0295d434d1fc2336c52c"
  integrity sha512-INOFj37C7k3AfaNTtX8RhsTw7qRy7eLET14cROi9+5HAVbbHuIWUHEauBv5qT4Av2tWasiTY1Jw6puUNqRJXQg==

topojson-client@^3:
  version "3.0.0"
  resolved "https://registry.yarnpkg.com/topojson-client/-/topojson-client-3.0.0.tgz#1f99293a77ef42a448d032a81aa982b73f360d2f"
  dependencies:
    commander "2"

visionscarto-world-atlas@^0:
  version "0.0.4"
  resolved "https://registry.yarnpkg.com/visionscarto-world-atlas/-/visionscarto-world-atlas-0.0.4.tgz#3bc2d741cc6fab128821b9886a9db767a89fca7b"
